
Microsoft Visual Studio Solution File, Format Version 12.00
# Visual Studio Version 17
VisualStudioVersion = 17.14.36518.9 d17.14
MinimumVisualStudioVersion = 10.0.40219.1
Project("{FAE04EC0-301F-11D3-BF4B-00C04F79EFBC}") = "Task_1", "Task_1.csproj", "{CF2D5064-F2F4-45AA-A754-7C015E52D744}"
EndProject
Global
	GlobalSection(SolutionConfigurationPlatforms) = preSolution
		Debug|Any CPU = Debug|Any CPU
		Release|Any CPU = Release|Any CPU
	EndGlobalSection
	GlobalSection(ProjectConfigurationPlatforms) = postSolution
		{CF2D5064-F2F4-45AA-A754-7C015E52D744}.Debug|Any CPU.ActiveCfg = Debug|Any CPU
		{CF2D5064-F2F4-45AA-A754-7C015E52D744}.Debug|Any CPU.Build.0 = Debug|Any CPU
		{CF2D5064-F2F4-45AA-A754-7C015E52D744}.Release|Any CPU.ActiveCfg = Release|Any CPU
		{CF2D5064-F2F4-45AA-A754-7C015E52D744}.Release|Any CPU.Build.0 = Release|Any CPU
	EndGlobalSection
	GlobalSection(SolutionProperties) = preSolution
		HideSolutionNode = FALSE
	EndGlobalSection
	GlobalSection(ExtensibilityGlobals) = postSolution
		SolutionGuid = {7D00E88C-E251-4754-954B-915BCE8871B6}
	EndGlobalSection
EndGlobal
