
Microsoft Visual Studio Solution File, Format Version 12.00
# Visual Studio Version 17
VisualStudioVersion = 17.14.36518.9 d17.14
MinimumVisualStudioVersion = 10.0.40219.1
Project("{FAE04EC0-301F-11D3-BF4B-00C04F79EFBC}") = "CollegeAPI", "CollegeAPI.csproj", "{D8ADFB69-80E2-427E-A6BD-BCA5233AD37F}"
EndProject
Global
	GlobalSection(SolutionConfigurationPlatforms) = preSolution
		Debug|Any CPU = Debug|Any CPU
		Release|Any CPU = Release|Any CPU
	EndGlobalSection
	GlobalSection(ProjectConfigurationPlatforms) = postSolution
		{D8ADFB69-80E2-427E-A6BD-BCA5233AD37F}.Debug|Any CPU.ActiveCfg = Debug|Any CPU
		{D8ADFB69-80E2-427E-A6BD-BCA5233AD37F}.Debug|Any CPU.Build.0 = Debug|Any CPU
		{D8ADFB69-80E2-427E-A6BD-BCA5233AD37F}.Release|Any CPU.ActiveCfg = Release|Any CPU
		{D8ADFB69-80E2-427E-A6BD-BCA5233AD37F}.Release|Any CPU.Build.0 = Release|Any CPU
	EndGlobalSection
	GlobalSection(SolutionProperties) = preSolution
		HideSolutionNode = FALSE
	EndGlobalSection
	GlobalSection(ExtensibilityGlobals) = postSolution
		SolutionGuid = {8377BA50-FE2A-4086-8F57-0CF53268D769}
	EndGlobalSection
EndGlobal
